
Microsoft Visual Studio Solution File, Format Version 12.00
# Visual Studio 15
VisualStudioVersion = 15.0.28010.2036
MinimumVisualStudioVersion = 10.0.40219.1
Project("{8BC9CEB8-8B4A-11D0-8D11-00A0C91BC942}") = "codeSummary", "codeSummary\codeSummary.vcxproj", "{0610C5F1-C988-4D11-9713-D053E16780B3}"
EndProject
Project("{8BC9CEB8-8B4A-11D0-8D11-00A0C91BC942}") = "Project1", "Project1\Project1.vcxproj", "{DC817ABB-D3EE-4056-8EBB-68A45E6985B6}"
EndProject
Global
	GlobalSection(SolutionConfigurationPlatforms) = preSolution
		Debug|x64 = Debug|x64
		Debug|x86 = Debug|x86
		Release|x64 = Release|x64
		Release|x86 = Release|x86
	EndGlobalSection
	GlobalSection(ProjectConfigurationPlatforms) = postSolution
		{0610C5F1-C988-4D11-9713-D053E16780B3}.Debug|x64.ActiveCfg = Debug|x64
		{0610C5F1-C988-4D11-9713-D053E16780B3}.Debug|x64.Build.0 = Debug|x64
		{0610C5F1-C988-4D11-9713-D053E16780B3}.Debug|x86.ActiveCfg = Debug|Win32
		{0610C5F1-C988-4D11-9713-D053E16780B3}.Debug|x86.Build.0 = Debug|Win32
		{0610C5F1-C988-4D11-9713-D053E16780B3}.Release|x64.ActiveCfg = Release|x64
		{0610C5F1-C988-4D11-9713-D053E16780B3}.Release|x64.Build.0 = Release|x64
		{0610C5F1-C988-4D11-9713-D053E16780B3}.Release|x86.ActiveCfg = Release|Win32
		{0610C5F1-C988-4D11-9713-D053E16780B3}.Release|x86.Build.0 = Release|Win32
		{DC817ABB-D3EE-4056-8EBB-68A45E6985B6}.Debug|x64.ActiveCfg = Debug|x64
		{DC817ABB-D3EE-4056-8EBB-68A45E6985B6}.Debug|x64.Build.0 = Debug|x64
		{DC817ABB-D3EE-4056-8EBB-68A45E6985B6}.Debug|x86.ActiveCfg = Debug|Win32
		{DC817ABB-D3EE-4056-8EBB-68A45E6985B6}.Debug|x86.Build.0 = Debug|Win32
		{DC817ABB-D3EE-4056-8EBB-68A45E6985B6}.Release|x64.ActiveCfg = Release|x64
		{DC817ABB-D3EE-4056-8EBB-68A45E6985B6}.Release|x64.Build.0 = Release|x64
		{DC817ABB-D3EE-4056-8EBB-68A45E6985B6}.Release|x86.ActiveCfg = Release|Win32
		{DC817ABB-D3EE-4056-8EBB-68A45E6985B6}.Release|x86.Build.0 = Release|Win32
	EndGlobalSection
	GlobalSection(SolutionProperties) = preSolution
		HideSolutionNode = FALSE
	EndGlobalSection
	GlobalSection(ExtensibilityGlobals) = postSolution
		SolutionGuid = {47D41ADC-A9E5-4C52-9A95-C335A10E1AAA}
	EndGlobalSection
EndGlobal
